Microsoft Visual Studio Solution File, Format Version 12.00
# Visual Studio 2012
Project("{FAE04EC0-301F-11D3-BF4B-00C04F79EFBC}") = "Game 1-flappy", "Game 1-flappy.csproj", "{EC12D6A5-5458-4A6B-BD96-964659373C6F}"
EndProject
Global
	GlobalSection(SolutionConfigurationPlatforms) = preSolution
	Debug|Any CPU = Debug|Any CPU
	ExportDebug|Any CPU = ExportDebug|Any CPU
	ExportRelease|Any CPU = ExportRelease|Any CPU
	EndGlobalSection
	GlobalSection(ProjectConfigurationPlatforms) = postSolution
		{EC12D6A5-5458-4A6B-BD96-964659373C6F}.Debug|Any CPU.ActiveCfg = Debug|Any CPU
		{EC12D6A5-5458-4A6B-BD96-964659373C6F}.Debug|Any CPU.Build.0 = Debug|Any CPU
		{EC12D6A5-5458-4A6B-BD96-964659373C6F}.ExportDebug|Any CPU.ActiveCfg = ExportDebug|Any CPU
		{EC12D6A5-5458-4A6B-BD96-964659373C6F}.ExportDebug|Any CPU.Build.0 = ExportDebug|Any CPU
		{EC12D6A5-5458-4A6B-BD96-964659373C6F}.ExportRelease|Any CPU.ActiveCfg = ExportRelease|Any CPU
		{EC12D6A5-5458-4A6B-BD96-964659373C6F}.ExportRelease|Any CPU.Build.0 = ExportRelease|Any CPU
	EndGlobalSection
EndGlobal
